
Microsoft Visual Studio Solution File, Format Version 12.00
# Visual Studio 15
VisualStudioVersion = 15.0.28307.1000
MinimumVisualStudioVersion = 10.0.40219.1
Project("{8BC9CEB8-8B4A-11D0-8D11-00A0C91BC942}") = "Array3", "Array3\Array3.vcxproj", "{10159FB7-43BD-477E-958B-7ECC52341894}"
EndProject
Global
	GlobalSection(SolutionConfigurationPlatforms) = preSolution
		Debug|x64 = Debug|x64
		Debug|x86 = Debug|x86
		Release|x64 = Release|x64
		Release|x86 = Release|x86
	EndGlobalSection
	GlobalSection(ProjectConfigurationPlatforms) = postSolution
		{10159FB7-43BD-477E-958B-7ECC52341894}.Debug|x64.ActiveCfg = Debug|x64
		{10159FB7-43BD-477E-958B-7ECC52341894}.Debug|x64.Build.0 = Debug|x64
		{10159FB7-43BD-477E-958B-7ECC52341894}.Debug|x86.ActiveCfg = Debug|Win32
		{10159FB7-43BD-477E-958B-7ECC52341894}.Debug|x86.Build.0 = Debug|Win32
		{10159FB7-43BD-477E-958B-7ECC52341894}.Release|x64.ActiveCfg = Release|x64
		{10159FB7-43BD-477E-958B-7ECC52341894}.Release|x64.Build.0 = Release|x64
		{10159FB7-43BD-477E-958B-7ECC52341894}.Release|x86.ActiveCfg = Release|Win32
		{10159FB7-43BD-477E-958B-7ECC52341894}.Release|x86.Build.0 = Release|Win32
	EndGlobalSection
	GlobalSection(SolutionProperties) = preSolution
		HideSolutionNode = FALSE
	EndGlobalSection
	GlobalSection(ExtensibilityGlobals) = postSolution
		SolutionGuid = {7305DFAA-BB30-4EF9-8D37-96A6C0600510}
	EndGlobalSection
EndGlobal
